
Microsoft Visual Studio Solution File, Format Version 12.00
# Visual Studio Version 16
VisualStudioVersion = 16.0.32413.511
MinimumVisualStudioVersion = 10.0.40219.1
Project("{F184B08F-C81C-45F6-A57F-5ABD9991F28F}") = "Generico", "Generico\Generico.vbproj", "{F424970A-C143-45F7-8A6E-0157314EA949}"
EndProject
Global
	GlobalSection(SolutionConfigurationPlatforms) = preSolution
		Debug|Any CPU = Debug|Any CPU
		Release|Any CPU = Release|Any CPU
	EndGlobalSection
	GlobalSection(ProjectConfigurationPlatforms) = postSolution
		{F424970A-C143-45F7-8A6E-0157314EA949}.Debug|Any CPU.ActiveCfg = Debug|Any CPU
		{F424970A-C143-45F7-8A6E-0157314EA949}.Debug|Any CPU.Build.0 = Debug|Any CPU
		{F424970A-C143-45F7-8A6E-0157314EA949}.Release|Any CPU.ActiveCfg = Release|Any CPU
		{F424970A-C143-45F7-8A6E-0157314EA949}.Release|Any CPU.Build.0 = Release|Any CPU
	EndGlobalSection
	GlobalSection(SolutionProperties) = preSolution
		HideSolutionNode = FALSE
	EndGlobalSection
	GlobalSection(ExtensibilityGlobals) = postSolution
		SolutionGuid = {9817CE8B-A13C-42D0-A980-8C88F1F9E9C5}
	EndGlobalSection
EndGlobal
